// !$*UTF8*$!
{
	archiveVersion = 1;
	classes = {
	};
	objectVersion = 50;
	objects = {

/* Begin PBXBuildFile section */
		300A1CA322BE531800F5CB66 /* primitives.cpp in Sources */ = {isa = PBXBuildFile; fileRef = 300A1CA122BE531800F5CB66 /* primitives.cpp */; };
		300A1CA622BE535000F5CB66 /* simpleMath.cpp in Sources */ = {isa = PBXBuildFile; fileRef = 300A1CA422BE535000F5CB66 /* simpleMath.cpp */; };
		300CC39122BEA828007BAEA5 /* boid.cpp in Sources */ = {isa = PBXBuildFile; fileRef = 300CC38F22BEA828007BAEA5 /* boid.cpp */; };
		300CC39822BEC14E007BAEA5 /* triangle.cpp in Sources */ = {isa = PBXBuildFile; fileRef = 300CC39622BEC14E007BAEA5 /* triangle.cpp */; };
		30FE4A4622A5A86700B345F0 /* main.cpp in Sources */ = {isa = PBXBuildFile; fileRef = 30FE4A4522A5A86700B345F0 /* main.cpp */; };
		30FE4A4F22A5A88600B345F0 /* SDL2.framework in Frameworks */ = {isa = PBXBuildFile; fileRef = 30FE4A4D22A5A88600B345F0 /* SDL2.framework */; };
		30FE4A5022A5A88600B345F0 /* SDL2_image.framework in Frameworks */ = {isa = PBXBuildFile; fileRef = 30FE4A4E22A5A88600B345F0 /* SDL2_image.framework */; };
/* End PBXBuildFile section */

/* Begin PBXCopyFilesBuildPhase section */
		30FE4A4022A5A86700B345F0 /* CopyFiles */ = {
			isa = PBXCopyFilesBuildPhase;
			buildActionMask = 2147483647;
			dstPath = /usr/share/man/man1/;
			dstSubfolderSpec = 0;
			files = (
			);
			runOnlyForDeploymentPostprocessing = 1;
		};
/* End PBXCopyFilesBuildPhase section */

/* Begin PBXFileReference section */
		300A1C9F22BE531800F5CB66 /* primitives.hpp */ = {isa = PBXFileReference; fileEncoding = 4; lastKnownFileType = sourcecode.cpp.h; name = primitives.hpp; path = ../../simple_math/simple_math/primitives.hpp; sourceTree = "<group>"; };
		300A1CA122BE531800F5CB66 /* primitives.cpp */ = {isa = PBXFileReference; fileEncoding = 4; lastKnownFileType = sourcecode.cpp.cpp; name = primitives.cpp; path = ../../simple_math/simple_math/primitives.cpp; sourceTree = "<group>"; };
		300A1CA422BE535000F5CB66 /* simpleMath.cpp */ = {isa = PBXFileReference; fileEncoding = 4; lastKnownFileType = sourcecode.cpp.cpp; name = simpleMath.cpp; path = ../../simple_math/simple_math/simpleMath.cpp; sourceTree = "<group>"; };
		300A1CA522BE535000F5CB66 /* simpleMath.hpp */ = {isa = PBXFileReference; fileEncoding = 4; lastKnownFileType = sourcecode.cpp.h; name = simpleMath.hpp; path = ../../simple_math/simple_math/simpleMath.hpp; sourceTree = "<group>"; };
		300CC38F22BEA828007BAEA5 /* boid.cpp */ = {isa = PBXFileReference; lastKnownFileType = sourcecode.cpp.cpp; path = boid.cpp; sourceTree = "<group>"; };
		300CC39022BEA828007BAEA5 /* boid.hpp */ = {isa = PBXFileReference; lastKnownFileType = sourcecode.cpp.h; path = boid.hpp; sourceTree = "<group>"; };
		300CC39222BEB1D1007BAEA5 /* globals.h */ = {isa = PBXFileReference; lastKnownFileType = sourcecode.c.h; path = globals.h; sourceTree = "<group>"; };
		300CC39622BEC14E007BAEA5 /* triangle.cpp */ = {isa = PBXFileReference; fileEncoding = 4; lastKnownFileType = sourcecode.cpp.cpp; path = triangle.cpp; sourceTree = "<group>"; };
		300CC39722BEC14E007BAEA5 /* triangle.hpp */ = {isa = PBXFileReference; fileEncoding = 4; lastKnownFileType = sourcecode.cpp.h; path = triangle.hpp; sourceTree = "<group>"; };
		30FE4A4222A5A86700B345F0 /* boids */ = {isa = PBXFileReference; explicitFileType = "compiled.mach-o.executable"; includeInIndex = 0; path = boids; sourceTree = BUILT_PRODUCTS_DIR; };
		30FE4A4522A5A86700B345F0 /* main.cpp */ = {isa = PBXFileReference; lastKnownFileType = sourcecode.cpp.cpp; path = main.cpp; sourceTree = "<group>"; };
		30FE4A4D22A5A88600B345F0 /* SDL2.framework */ = {isa = PBXFileReference; lastKnownFileType = wrapper.framework; name = SDL2.framework; path = ../../../../../Library/Frameworks/SDL2.framework; sourceTree = "<group>"; };
		30FE4A4E22A5A88600B345F0 /* SDL2_image.framework */ = {isa = PBXFileReference; lastKnownFileType = wrapper.framework; name = SDL2_image.framework; path = ../../../../../Library/Frameworks/SDL2_image.framework; sourceTree = "<group>"; };
/* End PBXFileReference section */

/* Begin PBXFrameworksBuildPhase section */
		30FE4A3F22A5A86700B345F0 /* Frameworks */ = {
			isa = PBXFrameworksBuildPhase;
			buildActionMask = 2147483647;
			files = (
				30FE4A4F22A5A88600B345F0 /* SDL2.framework in Frameworks */,
				30FE4A5022A5A88600B345F0 /* SDL2_image.framework in Frameworks */,
			);
			runOnlyForDeploymentPostprocessing = 0;
		};
/* End PBXFrameworksBuildPhase section */

/* Begin PBXGroup section */
		30FE4A3922A5A86700B345F0 = {
			isa = PBXGroup;
			children = (
				30FE4A4422A5A86700B345F0 /* boids */,
				30FE4A4322A5A86700B345F0 /* Products */,
				30FE4A4C22A5A88600B345F0 /* Frameworks */,
			);
			sourceTree = "<group>";
			usesTabs = 1;
			wrapsLines = 0;
		};
		30FE4A4322A5A86700B345F0 /* Products */ = {
			isa = PBXGroup;
			children = (
				30FE4A4222A5A86700B345F0 /* boids */,
			);
			name = Products;
			sourceTree = "<group>";
		};
		30FE4A4422A5A86700B345F0 /* boids */ = {
			isa = PBXGroup;
			children = (
				300CC39622BEC14E007BAEA5 /* triangle.cpp */,
				300CC39722BEC14E007BAEA5 /* triangle.hpp */,
				300A1CA422BE535000F5CB66 /* simpleMath.cpp */,
				300A1CA522BE535000F5CB66 /* simpleMath.hpp */,
				300A1CA122BE531800F5CB66 /* primitives.cpp */,
				300A1C9F22BE531800F5CB66 /* primitives.hpp */,
				30FE4A4522A5A86700B345F0 /* main.cpp */,
				300CC38F22BEA828007BAEA5 /* boid.cpp */,
				300CC39022BEA828007BAEA5 /* boid.hpp */,
				300CC39222BEB1D1007BAEA5 /* globals.h */,
			);
			path = boids;
			sourceTree = "<group>";
		};
		30FE4A4C22A5A88600B345F0 /* Frameworks */ = {
			isa = PBXGroup;
			children = (
				30FE4A4E22A5A88600B345F0 /* SDL2_image.framework */,
				30FE4A4D22A5A88600B345F0 /* SDL2.framework */,
			);
			name = Frameworks;
			sourceTree = "<group>";
		};
/* End PBXGroup section */

/* Begin PBXNativeTarget section */
		30FE4A4122A5A86700B345F0 /* boids */ = {
			isa = PBXNativeTarget;
			buildConfigurationList = 30FE4A4922A5A86700B345F0 /* Build configuration list for PBXNativeTarget "boids" */;
			buildPhases = (
				30FE4A3E22A5A86700B345F0 /* Sources */,
				30FE4A3F22A5A86700B345F0 /* Frameworks */,
				30FE4A4022A5A86700B345F0 /* CopyFiles */,
			);
			buildRules = (
			);
			dependencies = (
			);
			name = boids;
			productName = boids;
			productReference = 30FE4A4222A5A86700B345F0 /* boids */;
			productType = "com.apple.product-type.tool";
		};
/* End PBXNativeTarget section */

/* Begin PBXProject section */
		30FE4A3A22A5A86700B345F0 /* Project object */ = {
			isa = PBXProject;
			attributes = {
				LastUpgradeCheck = 1020;
				ORGANIZATIONNAME = zehreken;
				TargetAttributes = {
					30FE4A4122A5A86700B345F0 = {
						CreatedOnToolsVersion = 10.2;
					};
				};
			};
			buildConfigurationList = 30FE4A3D22A5A86700B345F0 /* Build configuration list for PBXProject "boids" */;
			compatibilityVersion = "Xcode 9.3";
			developmentRegion = en;
			hasScannedForEncodings = 0;
			knownRegions = (
				en,
			);
			mainGroup = 30FE4A3922A5A86700B345F0;
			productRefGroup = 30FE4A4322A5A86700B345F0 /* Products */;
			projectDirPath = "";
			projectRoot = "";
			targets = (
				30FE4A4122A5A86700B345F0 /* boids */,
			);
		};
/* End PBXProject section */

/* Begin PBXSourcesBuildPhase section */
		30FE4A3E22A5A86700B345F0 /* Sources */ = {
			isa = PBXSourcesBuildPhase;
			buildActionMask = 2147483647;
			files = (
				30FE4A4622A5A86700B345F0 /* main.cpp in Sources */,
				300A1CA322BE531800F5CB66 /* primitives.cpp in Sources */,
				300CC39122BEA828007BAEA5 /* boid.cpp in Sources */,
				300CC39822BEC14E007BAEA5 /* triangle.cpp in Sources */,
				300A1CA622BE535000F5CB66 /* simpleMath.cpp in Sources */,
			);
			runOnlyForDeploymentPostprocessing = 0;
		};
/* End PBXSourcesBuildPhase section */

/* Begin XCBuildConfiguration section */
		30FE4A4722A5A86700B345F0 /* Debug */ = {
			isa = XCBuildConfiguration;
			buildSettings = {
				ALWAYS_SEARCH_USER_PATHS = NO;
				CLANG_ANALYZER_NONNULL = YES;
				CLANG_ANALYZER_NUMBER_OBJECT_CONVERSION = YES_AGGRESSIVE;
				CLANG_CXX_LANGUAGE_STANDARD = "gnu++14";
				CLANG_CXX_LIBRARY = "libc++";
				CLANG_ENABLE_MODULES = YES;
				CLANG_ENABLE_OBJC_ARC = YES;
				CLANG_ENABLE_OBJC_WEAK = YES;
				CLANG_WARN_BLOCK_CAPTURE_AUTORELEASING = YES;
				CLANG_WARN_BOOL_CONVERSION = YES;
				CLANG_WARN_COMMA = YES;
				CLANG_WARN_CONSTANT_CONVERSION = YES;
				CLANG_WARN_DEPRECATED_OBJC_IMPLEMENTATIONS = YES;
				CLANG_WARN_DIRECT_OBJC_ISA_USAGE = YES_ERROR;
				CLANG_WARN_DOCUMENTATION_COMMENTS = YES;
				CLANG_WARN_EMPTY_BODY = YES;
				CLANG_WARN_ENUM_CONVERSION = YES;
				CLANG_WARN_INFINITE_RECURSION = YES;
				CLANG_WARN_INT_CONVERSION = YES;
				CLANG_WARN_NON_LITERAL_NULL_CONVERSION = YES;
				CLANG_WARN_OBJC_IMPLICIT_RETAIN_SELF = YES;
				CLANG_WARN_OBJC_LITERAL_CONVERSION = YES;
				CLANG_WARN_OBJC_ROOT_CLASS = YES_ERROR;
				CLANG_WARN_RANGE_LOOP_ANALYSIS = YES;
				CLANG_WARN_STRICT_PROTOTYPES = YES;
				CLANG_WARN_SUSPICIOUS_MOVE = YES;
				CLANG_WARN_UNGUARDED_AVAILABILITY = YES_AGGRESSIVE;
				CLANG_WARN_UNREACHABLE_CODE = YES;
				CLANG_WARN__DUPLICATE_METHOD_MATCH = YES;
				CODE_SIGN_IDENTITY = "-";
				COPY_PHASE_STRIP = NO;
				DEBUG_INFORMATION_FORMAT = dwarf;
				ENABLE_STRICT_OBJC_MSGSEND = YES;
				ENABLE_TESTABILITY = YES;
				GCC_C_LANGUAGE_STANDARD = gnu11;
				GCC_DYNAMIC_NO_PIC = NO;
				GCC_NO_COMMON_BLOCKS = YES;
				GCC_OPTIMIZATION_LEVEL = 0;
				GCC_PREPROCESSOR_DEFINITIONS = (
					"DEBUG=1",
					"$(inherited)",
				);
				GCC_WARN_64_TO_32_BIT_CONVERSION = YES;
				GCC_WARN_ABOUT_RETURN_TYPE = YES_ERROR;
				GCC_WARN_UNDECLARED_SELECTOR = YES;
				GCC_WARN_UNINITIALIZED_AUTOS = YES_AGGRESSIVE;
				GCC_WARN_UNUSED_FUNCTION = YES;
				GCC_WARN_UNUSED_VARIABLE = YES;
				MACOSX_DEPLOYMENT_TARGET = 10.14;
				MTL_ENABLE_DEBUG_INFO = INCLUDE_SOURCE;
				MTL_FAST_MATH = YES;
				ONLY_ACTIVE_ARCH = YES;
				SDKROOT = macosx;
			};
			name = Debug;
		};
		30FE4A4822A5A86700B345F0 /* Release */ = {
			isa = XCBuildConfiguration;
			buildSettings = {
				ALWAYS_SEARCH_USER_PATHS = NO;
				CLANG_ANALYZER_NONNULL = YES;
				CLANG_ANALYZER_NUMBER_OBJECT_CONVERSION = YES_AGGRESSIVE;
				CLANG_CXX_LANGUAGE_STANDARD = "gnu++14";
				CLANG_CXX_LIBRARY = "libc++";
				CLANG_ENABLE_MODULES = YES;
				CLANG_ENABLE_OBJC_ARC = YES;
				CLANG_ENABLE_OBJC_WEAK = YES;
				CLANG_WARN_BLOCK_CAPTURE_AUTORELEASING = YES;
				CLANG_WARN_BOOL_CONVERSION = YES;
				CLANG_WARN_COMMA = YES;
				CLANG_WARN_CONSTANT_CONVERSION = YES;
				CLANG_WARN_DEPRECATED_OBJC_IMPLEMENTATIONS = YES;
				CLANG_WARN_DIRECT_OBJC_ISA_USAGE = YES_ERROR;
				CLANG_WARN_DOCUMENTATION_COMMENTS = YES;
				CLANG_WARN_EMPTY_BODY = YES;
				CLANG_WARN_ENUM_CONVERSION = YES;
				CLANG_WARN_INFINITE_RECURSION = YES;
				CLANG_WARN_INT_CONVERSION = YES;
				CLANG_WARN_NON_LITERAL_NULL_CONVERSION = YES;
				CLANG_WARN_OBJC_IMPLICIT_RETAIN_SELF = YES;
				CLANG_WARN_OBJC_LITERAL_CONVERSION = YES;
				CLANG_WARN_OBJC_ROOT_CLASS = YES_ERROR;
				CLANG_WARN_RANGE_LOOP_ANALYSIS = YES;
				CLANG_WARN_STRICT_PROTOTYPES = YES;
				CLANG_WARN_SUSPICIOUS_MOVE = YES;
				CLANG_WARN_UNGUARDED_AVAILABILITY = YES_AGGRESSIVE;
				CLANG_WARN_UNREACHABLE_CODE = YES;
				CLANG_WARN__DUPLICATE_METHOD_MATCH = YES;
				CODE_SIGN_IDENTITY = "-";
				COPY_PHASE_STRIP = NO;
				DEBUG_INFORMATION_FORMAT = "dwarf-with-dsym";
				ENABLE_NS_ASSERTIONS = NO;
				ENABLE_STRICT_OBJC_MSGSEND = YES;
				GCC_C_LANGUAGE_STANDARD = gnu11;
				GCC_NO_COMMON_BLOCKS = YES;
				GCC_WARN_64_TO_32_BIT_CONVERSION = YES;
				GCC_WARN_ABOUT_RETURN_TYPE = YES_ERROR;
				GCC_WARN_UNDECLARED_SELECTOR = YES;
				GCC_WARN_UNINITIALIZED_AUTOS = YES_AGGRESSIVE;
				GCC_WARN_UNUSED_FUNCTION = YES;
				GCC_WARN_UNUSED_VARIABLE = YES;
				MACOSX_DEPLOYMENT_TARGET = 10.14;
				MTL_ENABLE_DEBUG_INFO = NO;
				MTL_FAST_MATH = YES;
				SDKROOT = macosx;
			};
			name = Release;
		};
		30FE4A4A22A5A86700B345F0 /* Debug */ = {
			isa = XCBuildConfiguration;
			buildSettings = {
				CODE_SIGN_STYLE = Automatic;
				FRAMEWORK_SEARCH_PATHS = (
					"$(inherited)",
					"$(LOCAL_LIBRARY_DIR)/Frameworks",
				);
				PRODUCT_NAME = "$(TARGET_NAME)";
			};
			name = Debug;
		};
		30FE4A4B22A5A86700B345F0 /* Release */ = {
			isa = XCBuildConfiguration;
			buildSettings = {
				CODE_SIGN_STYLE = Automatic;
				FRAMEWORK_SEARCH_PATHS = (
					"$(inherited)",
					"$(LOCAL_LIBRARY_DIR)/Frameworks",
				);
				PRODUCT_NAME = "$(TARGET_NAME)";
			};
			name = Release;
		};
/* End XCBuildConfiguration section */

/* Begin XCConfigurationList section */
		30FE4A3D22A5A86700B345F0 /* Build configuration list for PBXProject "boids" */ = {
			isa = XCConfigurationList;
			buildConfigurations = (
				30FE4A4722A5A86700B345F0 /* Debug */,
				30FE4A4822A5A86700B345F0 /* Release */,
			);
			defaultConfigurationIsVisible = 0;
			defaultConfigurationName = Release;
		};
		30FE4A4922A5A86700B345F0 /* Build configuration list for PBXNativeTarget "boids" */ = {
			isa = XCConfigurationList;
			buildConfigurations = (
				30FE4A4A22A5A86700B345F0 /* Debug */,
				30FE4A4B22A5A86700B345F0 /* Release */,
			);
			defaultConfigurationIsVisible = 0;
			defaultConfigurationName = Release;
		};
/* End XCConfigurationList section */
	};
	rootObject = 30FE4A3A22A5A86700B345F0 /* Project object */;
}
